
Microsoft Visual Studio Solution File, Format Version 12.00
Project("{FAE04EC0-301F-11D3-BF4B-00C04F79EFBC}") = "mojaloop-grpc-sync-api-client", "mojaloop-grpc-sync-api-client.csproj", "{E8A8E0CE-1516-47D1-8218-93A661146E5B}"
EndProject
Global
	GlobalSection(SolutionConfigurationPlatforms) = preSolution
		Debug|Any CPU = Debug|Any CPU
		Release|Any CPU = Release|Any CPU
	EndGlobalSection
	GlobalSection(ProjectConfigurationPlatforms) = postSolution
		{E8A8E0CE-1516-47D1-8218-93A661146E5B}.Debug|Any CPU.ActiveCfg = Debug|Any CPU
		{E8A8E0CE-1516-47D1-8218-93A661146E5B}.Debug|Any CPU.Build.0 = Debug|Any CPU
		{E8A8E0CE-1516-47D1-8218-93A661146E5B}.Release|Any CPU.ActiveCfg = Release|Any CPU
		{E8A8E0CE-1516-47D1-8218-93A661146E5B}.Release|Any CPU.Build.0 = Release|Any CPU
	EndGlobalSection
EndGlobal
